// !$*UTF8*$!
{
	archiveVersion = 1;
	classes = {
	};
	objectVersion = 46;
	objects = {

/* Begin PBXBuildFile section */
		55A66DDA1A5F8736000035FF /* main.m in Sources */ = {isa = PBXBuildFile; fileRef = 55A66DD91A5F8736000035FF /* main.m */; };
		55A66DDD1A5F8736000035FF /* AppDelegate.m in Sources */ = {isa = PBXBuildFile; fileRef = 55A66DDC1A5F8736000035FF /* AppDelegate.m */; };
		55A66DE01A5F8736000035FF /* ViewController.m in Sources */ = {isa = PBXBuildFile; fileRef = 55A66DDF1A5F8736000035FF /* ViewController.m */; };
		55A66DE31A5F8736000035FF /* Main.storyboard in Resources */ = {isa = PBXBuildFile; fileRef = 55A66DE11A5F8736000035FF /* Main.storyboard */; };
		55A66DE51A5F8736000035FF /* Images.xcassets in Resources */ = {isa = PBXBuildFile; fileRef = 55A66DE41A5F8736000035FF /* Images.xcassets */; };
		55A66DE81A5F8736000035FF /* LaunchScreen.xib in Resources */ = {isa = PBXBuildFile; fileRef = 55A66DE61A5F8736000035FF /* LaunchScreen.xib */; };
		55A66DF41A5F8736000035FF /* ServeyiPadTests.m in Sources */ = {isa = PBXBuildFile; fileRef = 55A66DF31A5F8736000035FF /* ServeyiPadTests.m */; };
/* End PBXBuildFile section */

/* Begin PBXContainerItemProxy section */
		55A66DEE1A5F8736000035FF /* PBXContainerItemProxy */ = {
			isa = PBXContainerItemProxy;
			containerPortal = 55A66DCC1A5F8736000035FF /* Project object */;
			proxyType = 1;
			remoteGlobalIDString = 55A66DD31A5F8736000035FF;
			remoteInfo = ServeyiPad;
		};
/* End PBXContainerItemProxy section */

/* Begin PBXFileReference section */
		55A66DD41A5F8736000035FF /* ServeyiPad.app */ = {isa = PBXFileReference; explicitFileType = wrapper.application; includeInIndex = 0; path = ServeyiPad.app; sourceTree = BUILT_PRODUCTS_DIR; };
		55A66DD81A5F8736000035FF /* Info.plist */ = {isa = PBXFileReference; lastKnownFileType = text.plist.xml; path = Info.plist; sourceTree = "<group>"; };
		55A66DD91A5F8736000035FF /* main.m */ = {isa = PBXFileReference; lastKnownFileType = sourcecode.c.objc; path = main.m; sourceTree = "<group>"; };
		55A66DDB1A5F8736000035FF /* AppDelegate.h */ = {isa = PBXFileReference; lastKnownFileType = sourcecode.c.h; path = AppDelegate.h; sourceTree = "<group>"; };
		55A66DDC1A5F8736000035FF /* AppDelegate.m */ = {isa = PBXFileReference; lastKnownFileType = sourcecode.c.objc; path = AppDelegate.m; sourceTree = "<group>"; };
		55A66DDE1A5F8736000035FF /* ViewController.h */ = {isa = PBXFileReference; lastKnownFileType = sourcecode.c.h; path = ViewController.h; sourceTree = "<group>"; };
		55A66DDF1A5F8736000035FF /* ViewController.m */ = {isa = PBXFileReference; lastKnownFileType = sourcecode.c.objc; path = ViewController.m; sourceTree = "<group>"; };
		55A66DE21A5F8736000035FF /* Base */ = {isa = PBXFileReference; lastKnownFileType = file.storyboard; name = Base; path = Base.lproj/Main.storyboard; sourceTree = "<group>"; };
		55A66DE41A5F8736000035FF /* Images.xcassets */ = {isa = PBXFileReference; lastKnownFileType = folder.assetcatalog; path = Images.xcassets; sourceTree = "<group>"; };
		55A66DE71A5F8736000035FF /* Base */ = {isa = PBXFileReference; lastKnownFileType = file.xib; name = Base; path = Base.lproj/LaunchScreen.xib; sourceTree = "<group>"; };
		55A66DED1A5F8736000035FF /* ServeyiPadTests.xctest */ = {isa = PBXFileReference; explicitFileType = wrapper.cfbundle; includeInIndex = 0; path = ServeyiPadTests.xctest; sourceTree = BUILT_PRODUCTS_DIR; };
		55A66DF21A5F8736000035FF /* Info.plist */ = {isa = PBXFileReference; lastKnownFileType = text.plist.xml; path = Info.plist; sourceTree = "<group>"; };
		55A66DF31A5F8736000035FF /* ServeyiPadTests.m */ = {isa = PBXFileReference; lastKnownFileType = sourcecode.c.objc; path = ServeyiPadTests.m; sourceTree = "<group>"; };
/* End PBXFileReference section */

/* Begin PBXFrameworksBuildPhase section */
		55A66DD11A5F8736000035FF /* Frameworks */ = {
			isa = PBXFrameworksBuildPhase;
			buildActionMask = 2147483647;
			files = (
			);
			runOnlyForDeploymentPostprocessing = 0;
		};
		55A66DEA1A5F8736000035FF /* Frameworks */ = {
			isa = PBXFrameworksBuildPhase;
			buildActionMask = 2147483647;
			files = (
			);
			runOnlyForDeploymentPostprocessing = 0;
		};
/* End PBXFrameworksBuildPhase section */

/* Begin PBXGroup section */
		55A66DCB1A5F8736000035FF = {
			isa = PBXGroup;
			children = (
				55A66DD61A5F8736000035FF /* ServeyiPad */,
				55A66DF01A5F8736000035FF /* ServeyiPadTests */,
				55A66DD51A5F8736000035FF /* Products */,
			);
			sourceTree = "<group>";
		};
		55A66DD51A5F8736000035FF /* Products */ = {
			isa = PBXGroup;
			children = (
				55A66DD41A5F8736000035FF /* ServeyiPad.app */,
				55A66DED1A5F8736000035FF /* ServeyiPadTests.xctest */,
			);
			name = Products;
			sourceTree = "<group>";
		};
		55A66DD61A5F8736000035FF /* ServeyiPad */ = {
			isa = PBXGroup;
			children = (
				55A66DDB1A5F8736000035FF /* AppDelegate.h */,
				55A66DDC1A5F8736000035FF /* AppDelegate.m */,
				55A66DDE1A5F8736000035FF /* ViewController.h */,
				55A66DDF1A5F8736000035FF /* ViewController.m */,
				55A66DE11A5F8736000035FF /* Main.storyboard */,
				55A66DE41A5F8736000035FF /* Images.xcassets */,
				55A66DE61A5F8736000035FF /* LaunchScreen.xib */,
				55A66DD71A5F8736000035FF /* Supporting Files */,
			);
			path = ServeyiPad;
			sourceTree = "<group>";
		};
		55A66DD71A5F8736000035FF /* Supporting Files */ = {
			isa = PBXGroup;
			children = (
				55A66DD81A5F8736000035FF /* Info.plist */,
				55A66DD91A5F8736000035FF /* main.m */,
			);
			name = "Supporting Files";
			sourceTree = "<group>";
		};
		55A66DF01A5F8736000035FF /* ServeyiPadTests */ = {
			isa = PBXGroup;
			children = (
				55A66DF31A5F8736000035FF /* ServeyiPadTests.m */,
				55A66DF11A5F8736000035FF /* Supporting Files */,
			);
			path = ServeyiPadTests;
			sourceTree = "<group>";
		};
		55A66DF11A5F8736000035FF /* Supporting Files */ = {
			isa = PBXGroup;
			children = (
				55A66DF21A5F8736000035FF /* Info.plist */,
			);
			name = "Supporting Files";
			sourceTree = "<group>";
		};
/* End PBXGroup section */

/* Begin PBXNativeTarget section */
		55A66DD31A5F8736000035FF /* ServeyiPad */ = {
			isa = PBXNativeTarget;
			buildConfigurationList = 55A66DF71A5F8736000035FF /* Build configuration list for PBXNativeTarget "ServeyiPad" */;
			buildPhases = (
				55A66DD01A5F8736000035FF /* Sources */,
				55A66DD11A5F8736000035FF /* Frameworks */,
				55A66DD21A5F8736000035FF /* Resources */,
			);
			buildRules = (
			);
			dependencies = (
			);
			name = ServeyiPad;
			productName = ServeyiPad;
			productReference = 55A66DD41A5F8736000035FF /* ServeyiPad.app */;
			productType = "com.apple.product-type.application";
		};
		55A66DEC1A5F8736000035FF /* ServeyiPadTests */ = {
			isa = PBXNativeTarget;
			buildConfigurationList = 55A66DFA1A5F8736000035FF /* Build configuration list for PBXNativeTarget "ServeyiPadTests" */;
			buildPhases = (
				55A66DE91A5F8736000035FF /* Sources */,
				55A66DEA1A5F8736000035FF /* Frameworks */,
				55A66DEB1A5F8736000035FF /* Resources */,
			);
			buildRules = (
			);
			dependencies = (
				55A66DEF1A5F8736000035FF /* PBXTargetDependency */,
			);
			name = ServeyiPadTests;
			productName = ServeyiPadTests;
			productReference = 55A66DED1A5F8736000035FF /* ServeyiPadTests.xctest */;
			productType = "com.apple.product-type.bundle.unit-test";
		};
/* End PBXNativeTarget section */

/* Begin PBXProject section */
		55A66DCC1A5F8736000035FF /* Project object */ = {
			isa = PBXProject;
			attributes = {
				LastUpgradeCheck = 0610;
				ORGANIZATIONNAME = "Nguyen Ngoc Mai Thy";
				TargetAttributes = {
					55A66DD31A5F8736000035FF = {
						CreatedOnToolsVersion = 6.1;
					};
					55A66DEC1A5F8736000035FF = {
						CreatedOnToolsVersion = 6.1;
						TestTargetID = 55A66DD31A5F8736000035FF;
					};
				};
			};
			buildConfigurationList = 55A66DCF1A5F8736000035FF /* Build configuration list for PBXProject "ServeyiPad" */;
			compatibilityVersion = "Xcode 3.2";
			developmentRegion = English;
			hasScannedForEncodings = 0;
			knownRegions = (
				en,
				Base,
			);
			mainGroup = 55A66DCB1A5F8736000035FF;
			productRefGroup = 55A66DD51A5F8736000035FF /* Products */;
			projectDirPath = "";
			projectRoot = "";
			targets = (
				55A66DD31A5F8736000035FF /* ServeyiPad */,
				55A66DEC1A5F8736000035FF /* ServeyiPadTests */,
			);
		};
/* End PBXProject section */

/* Begin PBXResourcesBuildPhase section */
		55A66DD21A5F8736000035FF /* Resources */ = {
			isa = PBXResourcesBuildPhase;
			buildActionMask = 2147483647;
			files = (
				55A66DE31A5F8736000035FF /* Main.storyboard in Resources */,
				55A66DE81A5F8736000035FF /* LaunchScreen.xib in Resources */,
				55A66DE51A5F8736000035FF /* Images.xcassets in Resources */,
			);
			runOnlyForDeploymentPostprocessing = 0;
		};
		55A66DEB1A5F8736000035FF /* Resources */ = {
			isa = PBXResourcesBuildPhase;
			buildActionMask = 2147483647;
			files = (
			);
			runOnlyForDeploymentPostprocessing = 0;
		};
/* End PBXResourcesBuildPhase section */

/* Begin PBXSourcesBuildPhase section */
		55A66DD01A5F8736000035FF /* Sources */ = {
			isa = PBXSourcesBuildPhase;
			buildActionMask = 2147483647;
			files = (
				55A66DE01A5F8736000035FF /* ViewController.m in Sources */,
				55A66DDD1A5F8736000035FF /* AppDelegate.m in Sources */,
				55A66DDA1A5F8736000035FF /* main.m in Sources */,
			);
			runOnlyForDeploymentPostprocessing = 0;
		};
		55A66DE91A5F8736000035FF /* Sources */ = {
			isa = PBXSourcesBuildPhase;
			buildActionMask = 2147483647;
			files = (
				55A66DF41A5F8736000035FF /* ServeyiPadTests.m in Sources */,
			);
			runOnlyForDeploymentPostprocessing = 0;
		};
/* End PBXSourcesBuildPhase section */

/* Begin PBXTargetDependency section */
		55A66DEF1A5F8736000035FF /* PBXTargetDependency */ = {
			isa = PBXTargetDependency;
			target = 55A66DD31A5F8736000035FF /* ServeyiPad */;
			targetProxy = 55A66DEE1A5F8736000035FF /* PBXContainerItemProxy */;
		};
/* End PBXTargetDependency section */

/* Begin PBXVariantGroup section */
		55A66DE11A5F8736000035FF /* Main.storyboard */ = {
			isa = PBXVariantGroup;
			children = (
				55A66DE21A5F8736000035FF /* Base */,
			);
			name = Main.storyboard;
			sourceTree = "<group>";
		};
		55A66DE61A5F8736000035FF /* LaunchScreen.xib */ = {
			isa = PBXVariantGroup;
			children = (
				55A66DE71A5F8736000035FF /* Base */,
			);
			name = LaunchScreen.xib;
			sourceTree = "<group>";
		};
/* End PBXVariantGroup section */

/* Begin XCBuildConfiguration section */
		55A66DF51A5F8736000035FF /* Debug */ = {
			isa = XCBuildConfiguration;
			buildSettings = {
				ALWAYS_SEARCH_USER_PATHS = NO;
				CLANG_CXX_LANGUAGE_STANDARD = "gnu++0x";
				CLANG_CXX_LIBRARY = "libc++";
				CLANG_ENABLE_MODULES = YES;
				CLANG_ENABLE_OBJC_ARC = YES;
				CLANG_WARN_BOOL_CONVERSION = YES;
				CLANG_WARN_CONSTANT_CONVERSION = YES;
				CLANG_WARN_DIRECT_OBJC_ISA_USAGE = YES_ERROR;
				CLANG_WARN_EMPTY_BODY = YES;
				CLANG_WARN_ENUM_CONVERSION = YES;
				CLANG_WARN_INT_CONVERSION = YES;
				CLANG_WARN_OBJC_ROOT_CLASS = YES_ERROR;
				CLANG_WARN_UNREACHABLE_CODE = YES;
				CLANG_WARN__DUPLICATE_METHOD_MATCH = YES;
				"CODE_SIGN_IDENTITY[sdk=iphoneos*]" = "iPhone Developer";
				COPY_PHASE_STRIP = NO;
				ENABLE_STRICT_OBJC_MSGSEND = YES;
				GCC_C_LANGUAGE_STANDARD = gnu99;
				GCC_DYNAMIC_NO_PIC = NO;
				GCC_OPTIMIZATION_LEVEL = 0;
				GCC_PREPROCESSOR_DEFINITIONS = (
					"DEBUG=1",
					"$(inherited)",
				);
				GCC_SYMBOLS_PRIVATE_EXTERN = NO;
				GCC_WARN_64_TO_32_BIT_CONVERSION = YES;
				GCC_WARN_ABOUT_RETURN_TYPE = YES_ERROR;
				GCC_WARN_UNDECLARED_SELECTOR = YES;
				GCC_WARN_UNINITIALIZED_AUTOS = YES_AGGRESSIVE;
				GCC_WARN_UNUSED_FUNCTION = YES;
				GCC_WARN_UNUSED_VARIABLE = YES;
				IPHONEOS_DEPLOYMENT_TARGET = 8.1;
				MTL_ENABLE_DEBUG_INFO = YES;
				ONLY_ACTIVE_ARCH = YES;
				SDKROOT = iphoneos;
				TARGETED_DEVICE_FAMILY = "1,2";
			};
			name = Debug;
		};
		55A66DF61A5F8736000035FF /* Release */ = {
			isa = XCBuildConfiguration;
			buildSettings = {
				ALWAYS_SEARCH_USER_PATHS = NO;
				CLANG_CXX_LANGUAGE_STANDARD = "gnu++0x";
				CLANG_CXX_LIBRARY = "libc++";
				CLANG_ENABLE_MODULES = YES;
				CLANG_ENABLE_OBJC_ARC = YES;
				CLANG_WARN_BOOL_CONVERSION = YES;
				CLANG_WARN_CONSTANT_CONVERSION = YES;
				CLANG_WARN_DIRECT_OBJC_ISA_USAGE = YES_ERROR;
				CLANG_WARN_EMPTY_BODY = YES;
				CLANG_WARN_ENUM_CONVERSION = YES;
				CLANG_WARN_INT_CONVERSION = YES;
				CLANG_WARN_OBJC_ROOT_CLASS = YES_ERROR;
				CLANG_WARN_UNREACHABLE_CODE = YES;
				CLANG_WARN__DUPLICATE_METHOD_MATCH = YES;
				"CODE_SIGN_IDENTITY[sdk=iphoneos*]" = "iPhone Developer";
				COPY_PHASE_STRIP = YES;
				ENABLE_NS_ASSERTIONS = NO;
				ENABLE_STRICT_OBJC_MSGSEND = YES;
				GCC_C_LANGUAGE_STANDARD = gnu99;
				GCC_WARN_64_TO_32_BIT_CONVERSION = YES;
				GCC_WARN_ABOUT_RETURN_TYPE = YES_ERROR;
				GCC_WARN_UNDECLARED_SELECTOR = YES;
				GCC_WARN_UNINITIALIZED_AUTOS = YES_AGGRESSIVE;
				GCC_WARN_UNUSED_FUNCTION = YES;
				GCC_WARN_UNUSED_VARIABLE = YES;
				IPHONEOS_DEPLOYMENT_TARGET = 8.1;
				MTL_ENABLE_DEBUG_INFO = NO;
				SDKROOT = iphoneos;
				TARGETED_DEVICE_FAMILY = "1,2";
				VALIDATE_PRODUCT = YES;
			};
			name = Release;
		};
		55A66DF81A5F8736000035FF /* Debug */ = {
			isa = XCBuildConfiguration;
			buildSettings = {
				ASSETCATALOG_COMPILER_APPICON_NAME = AppIcon;
				INFOPLIST_FILE = ServeyiPad/Info.plist;
				LD_RUNPATH_SEARCH_PATHS = "$(inherited) @executable_path/Frameworks";
				PRODUCT_NAME = "$(TARGET_NAME)";
			};
			name = Debug;
		};
		55A66DF91A5F8736000035FF /* Release */ = {
			isa = XCBuildConfiguration;
			buildSettings = {
				ASSETCATALOG_COMPILER_APPICON_NAME = AppIcon;
				INFOPLIST_FILE = ServeyiPad/Info.plist;
				LD_RUNPATH_SEARCH_PATHS = "$(inherited) @executable_path/Frameworks";
				PRODUCT_NAME = "$(TARGET_NAME)";
			};
			name = Release;
		};
		55A66DFB1A5F8736000035FF /* Debug */ = {
			isa = XCBuildConfiguration;
			buildSettings = {
				BUNDLE_LOADER = "$(TEST_HOST)";
				FRAMEWORK_SEARCH_PATHS = (
					"$(SDKROOT)/Developer/Library/Frameworks",
					"$(inherited)",
				);
				GCC_PREPROCESSOR_DEFINITIONS = (
					"DEBUG=1",
					"$(inherited)",
				);
				INFOPLIST_FILE = ServeyiPadTests/Info.plist;
				LD_RUNPATH_SEARCH_PATHS = "$(inherited) @executable_path/Frameworks @loader_path/Frameworks";
				PRODUCT_NAME = "$(TARGET_NAME)";
				TEST_HOST = "$(BUILT_PRODUCTS_DIR)/ServeyiPad.app/ServeyiPad";
			};
			name = Debug;
		};
		55A66DFC1A5F8736000035FF /* Release */ = {
			isa = XCBuildConfiguration;
			buildSettings = {
				BUNDLE_LOADER = "$(TEST_HOST)";
				FRAMEWORK_SEARCH_PATHS = (
					"$(SDKROOT)/Developer/Library/Frameworks",
					"$(inherited)",
				);
				INFOPLIST_FILE = ServeyiPadTests/Info.plist;
				LD_RUNPATH_SEARCH_PATHS = "$(inherited) @executable_path/Frameworks @loader_path/Frameworks";
				PRODUCT_NAME = "$(TARGET_NAME)";
				TEST_HOST = "$(BUILT_PRODUCTS_DIR)/ServeyiPad.app/ServeyiPad";
			};
			name = Release;
		};
/* End XCBuildConfiguration section */

/* Begin XCConfigurationList section */
		55A66DCF1A5F8736000035FF /* Build configuration list for PBXProject "ServeyiPad" */ = {
			isa = XCConfigurationList;
			buildConfigurations = (
				55A66DF51A5F8736000035FF /* Debug */,
				55A66DF61A5F8736000035FF /* Release */,
			);
			defaultConfigurationIsVisible = 0;
			defaultConfigurationName = Release;
		};
		55A66DF71A5F8736000035FF /* Build configuration list for PBXNativeTarget "ServeyiPad" */ = {
			isa = XCConfigurationList;
			buildConfigurations = (
				55A66DF81A5F8736000035FF /* Debug */,
				55A66DF91A5F8736000035FF /* Release */,
			);
			defaultConfigurationIsVisible = 0;
		};
		55A66DFA1A5F8736000035FF /* Build configuration list for PBXNativeTarget "ServeyiPadTests" */ = {
			isa = XCConfigurationList;
			buildConfigurations = (
				55A66DFB1A5F8736000035FF /* Debug */,
				55A66DFC1A5F8736000035FF /* Release */,
			);
			defaultConfigurationIsVisible = 0;
		};
/* End XCConfigurationList section */
	};
	rootObject = 55A66DCC1A5F8736000035FF /* Project object */;
}
